// !$*UTF8*$!
{
	archiveVersion = 1;
	classes = {
	};
	objectVersion = 46;
	objects = {

/* Begin PBXBuildFile section */
		3F9679A71DF1C0B3006D2820 /* AppDelegate.swift in Sources */ = {isa = PBXBuildFile; fileRef = 3F9679A61DF1C0B3006D2820 /* AppDelegate.swift */; };
		3F9679A91DF1C0B3006D2820 /* GameScene.sks in Resources */ = {isa = PBXBuildFile; fileRef = 3F9679A81DF1C0B3006D2820 /* GameScene.sks */; };
		3F9679AB1DF1C0B4006D2820 /* Actions.sks in Resources */ = {isa = PBXBuildFile; fileRef = 3F9679AA1DF1C0B4006D2820 /* Actions.sks */; };
		3F9679AD1DF1C0B4006D2820 /* GameScene.swift in Sources */ = {isa = PBXBuildFile; fileRef = 3F9679AC1DF1C0B4006D2820 /* GameScene.swift */; };
		3F9679AF1DF1C0B4006D2820 /* GameViewController.swift in Sources */ = {isa = PBXBuildFile; fileRef = 3F9679AE1DF1C0B4006D2820 /* GameViewController.swift */; };
		3F9679B21DF1C0B4006D2820 /* Main.storyboard in Resources */ = {isa = PBXBuildFile; fileRef = 3F9679B01DF1C0B4006D2820 /* Main.storyboard */; };
		3F9679B41DF1C0B4006D2820 /* Assets.xcassets in Resources */ = {isa = PBXBuildFile; fileRef = 3F9679B31DF1C0B4006D2820 /* Assets.xcassets */; };
		3F9679B71DF1C0B4006D2820 /* LaunchScreen.storyboard in Resources */ = {isa = PBXBuildFile; fileRef = 3F9679B51DF1C0B4006D2820 /* LaunchScreen.storyboard */; };
		3F9679C21DF1C0B4006D2820 /* ISPTests.swift in Sources */ = {isa = PBXBuildFile; fileRef = 3F9679C11DF1C0B4006D2820 /* ISPTests.swift */; };
		3F9679CD1DF1C0B4006D2820 /* ISPUITests.swift in Sources */ = {isa = PBXBuildFile; fileRef = 3F9679CC1DF1C0B4006D2820 /* ISPUITests.swift */; };
/* End PBXBuildFile section */

/* Begin PBXContainerItemProxy section */
		3F9679BE1DF1C0B4006D2820 /* PBXContainerItemProxy */ = {
			isa = PBXContainerItemProxy;
			containerPortal = 3F96799B1DF1C0B3006D2820 /* Project object */;
			proxyType = 1;
			remoteGlobalIDString = 3F9679A21DF1C0B3006D2820;
			remoteInfo = ISP;
		};
		3F9679C91DF1C0B4006D2820 /* PBXContainerItemProxy */ = {
			isa = PBXContainerItemProxy;
			containerPortal = 3F96799B1DF1C0B3006D2820 /* Project object */;
			proxyType = 1;
			remoteGlobalIDString = 3F9679A21DF1C0B3006D2820;
			remoteInfo = ISP;
		};
/* End PBXContainerItemProxy section */

/* Begin PBXFileReference section */
		3F9679A31DF1C0B3006D2820 /* ISP.app */ = {isa = PBXFileReference; explicitFileType = wrapper.application; includeInIndex = 0; path = ISP.app; sourceTree = BUILT_PRODUCTS_DIR; };
		3F9679A61DF1C0B3006D2820 /* AppDelegate.swift */ = {isa = PBXFileReference; lastKnownFileType = sourcecode.swift; path = AppDelegate.swift; sourceTree = "<group>"; };
		3F9679A81DF1C0B3006D2820 /* GameScene.sks */ = {isa = PBXFileReference; lastKnownFileType = file.sks; path = GameScene.sks; sourceTree = "<group>"; };
		3F9679AA1DF1C0B4006D2820 /* Actions.sks */ = {isa = PBXFileReference; lastKnownFileType = file.sks; path = Actions.sks; sourceTree = "<group>"; };
		3F9679AC1DF1C0B4006D2820 /* GameScene.swift */ = {isa = PBXFileReference; lastKnownFileType = sourcecode.swift; path = GameScene.swift; sourceTree = "<group>"; };
		3F9679AE1DF1C0B4006D2820 /* GameViewController.swift */ = {isa = PBXFileReference; lastKnownFileType = sourcecode.swift; path = GameViewController.swift; sourceTree = "<group>"; };
		3F9679B11DF1C0B4006D2820 /* Base */ = {isa = PBXFileReference; lastKnownFileType = file.storyboard; name = Base; path = Base.lproj/Main.storyboard; sourceTree = "<group>"; };
		3F9679B31DF1C0B4006D2820 /* Assets.xcassets */ = {isa = PBXFileReference; lastKnownFileType = folder.assetcatalog; path = Assets.xcassets; sourceTree = "<group>"; };
		3F9679B61DF1C0B4006D2820 /* Base */ = {isa = PBXFileReference; lastKnownFileType = file.storyboard; name = Base; path = Base.lproj/LaunchScreen.storyboard; sourceTree = "<group>"; };
		3F9679B81DF1C0B4006D2820 /* Info.plist */ = {isa = PBXFileReference; lastKnownFileType = text.plist.xml; path = Info.plist; sourceTree = "<group>"; };
		3F9679BD1DF1C0B4006D2820 /* ISPTests.xctest */ = {isa = PBXFileReference; explicitFileType = wrapper.cfbundle; includeInIndex = 0; path = ISPTests.xctest; sourceTree = BUILT_PRODUCTS_DIR; };
		3F9679C11DF1C0B4006D2820 /* ISPTests.swift */ = {isa = PBXFileReference; lastKnownFileType = sourcecode.swift; path = ISPTests.swift; sourceTree = "<group>"; };
		3F9679C31DF1C0B4006D2820 /* Info.plist */ = {isa = PBXFileReference; lastKnownFileType = text.plist.xml; path = Info.plist; sourceTree = "<group>"; };
		3F9679C81DF1C0B4006D2820 /* ISPUITests.xctest */ = {isa = PBXFileReference; explicitFileType = wrapper.cfbundle; includeInIndex = 0; path = ISPUITests.xctest; sourceTree = BUILT_PRODUCTS_DIR; };
		3F9679CC1DF1C0B4006D2820 /* ISPUITests.swift */ = {isa = PBXFileReference; lastKnownFileType = sourcecode.swift; path = ISPUITests.swift; sourceTree = "<group>"; };
		3F9679CE1DF1C0B4006D2820 /* Info.plist */ = {isa = PBXFileReference; lastKnownFileType = text.plist.xml; path = Info.plist; sourceTree = "<group>"; };
/* End PBXFileReference section */

/* Begin PBXFrameworksBuildPhase section */
		3F9679A01DF1C0B3006D2820 /* Frameworks */ = {
			isa = PBXFrameworksBuildPhase;
			buildActionMask = 2147483647;
			files = (
			);
			runOnlyForDeploymentPostprocessing = 0;
		};
		3F9679BA1DF1C0B4006D2820 /* Frameworks */ = {
			isa = PBXFrameworksBuildPhase;
			buildActionMask = 2147483647;
			files = (
			);
			runOnlyForDeploymentPostprocessing = 0;
		};
		3F9679C51DF1C0B4006D2820 /* Frameworks */ = {
			isa = PBXFrameworksBuildPhase;
			buildActionMask = 2147483647;
			files = (
			);
			runOnlyForDeploymentPostprocessing = 0;
		};
/* End PBXFrameworksBuildPhase section */

/* Begin PBXGroup section */
		3F96799A1DF1C0B3006D2820 = {
			isa = PBXGroup;
			children = (
				3F9679A51DF1C0B3006D2820 /* ISP */,
				3F9679C01DF1C0B4006D2820 /* ISPTests */,
				3F9679CB1DF1C0B4006D2820 /* ISPUITests */,
				3F9679A41DF1C0B3006D2820 /* Products */,
			);
			sourceTree = "<group>";
		};
		3F9679A41DF1C0B3006D2820 /* Products */ = {
			isa = PBXGroup;
			children = (
				3F9679A31DF1C0B3006D2820 /* ISP.app */,
				3F9679BD1DF1C0B4006D2820 /* ISPTests.xctest */,
				3F9679C81DF1C0B4006D2820 /* ISPUITests.xctest */,
			);
			name = Products;
			sourceTree = "<group>";
		};
		3F9679A51DF1C0B3006D2820 /* ISP */ = {
			isa = PBXGroup;
			children = (
				3F9679A61DF1C0B3006D2820 /* AppDelegate.swift */,
				3F9679A81DF1C0B3006D2820 /* GameScene.sks */,
				3F9679AA1DF1C0B4006D2820 /* Actions.sks */,
				3F9679AC1DF1C0B4006D2820 /* GameScene.swift */,
				3F9679AE1DF1C0B4006D2820 /* GameViewController.swift */,
				3F9679B01DF1C0B4006D2820 /* Main.storyboard */,
				3F9679B31DF1C0B4006D2820 /* Assets.xcassets */,
				3F9679B51DF1C0B4006D2820 /* LaunchScreen.storyboard */,
				3F9679B81DF1C0B4006D2820 /* Info.plist */,
			);
			path = ISP;
			sourceTree = "<group>";
		};
		3F9679C01DF1C0B4006D2820 /* ISPTests */ = {
			isa = PBXGroup;
			children = (
				3F9679C11DF1C0B4006D2820 /* ISPTests.swift */,
				3F9679C31DF1C0B4006D2820 /* Info.plist */,
			);
			path = ISPTests;
			sourceTree = "<group>";
		};
		3F9679CB1DF1C0B4006D2820 /* ISPUITests */ = {
			isa = PBXGroup;
			children = (
				3F9679CC1DF1C0B4006D2820 /* ISPUITests.swift */,
				3F9679CE1DF1C0B4006D2820 /* Info.plist */,
			);
			path = ISPUITests;
			sourceTree = "<group>";
		};
/* End PBXGroup section */

/* Begin PBXNativeTarget section */
		3F9679A21DF1C0B3006D2820 /* ISP */ = {
			isa = PBXNativeTarget;
			buildConfigurationList = 3F9679D11DF1C0B4006D2820 /* Build configuration list for PBXNativeTarget "ISP" */;
			buildPhases = (
				3F96799F1DF1C0B3006D2820 /* Sources */,
				3F9679A01DF1C0B3006D2820 /* Frameworks */,
				3F9679A11DF1C0B3006D2820 /* Resources */,
			);
			buildRules = (
			);
			dependencies = (
			);
			name = ISP;
			productName = ISP;
			productReference = 3F9679A31DF1C0B3006D2820 /* ISP.app */;
			productType = "com.apple.product-type.application";
		};
		3F9679BC1DF1C0B4006D2820 /* ISPTests */ = {
			isa = PBXNativeTarget;
			buildConfigurationList = 3F9679D41DF1C0B4006D2820 /* Build configuration list for PBXNativeTarget "ISPTests" */;
			buildPhases = (
				3F9679B91DF1C0B4006D2820 /* Sources */,
				3F9679BA1DF1C0B4006D2820 /* Frameworks */,
				3F9679BB1DF1C0B4006D2820 /* Resources */,
			);
			buildRules = (
			);
			dependencies = (
				3F9679BF1DF1C0B4006D2820 /* PBXTargetDependency */,
			);
			name = ISPTests;
			productName = ISPTests;
			productReference = 3F9679BD1DF1C0B4006D2820 /* ISPTests.xctest */;
			productType = "com.apple.product-type.bundle.unit-test";
		};
		3F9679C71DF1C0B4006D2820 /* ISPUITests */ = {
			isa = PBXNativeTarget;
			buildConfigurationList = 3F9679D71DF1C0B4006D2820 /* Build configuration list for PBXNativeTarget "ISPUITests" */;
			buildPhases = (
				3F9679C41DF1C0B4006D2820 /* Sources */,
				3F9679C51DF1C0B4006D2820 /* Frameworks */,
				3F9679C61DF1C0B4006D2820 /* Resources */,
			);
			buildRules = (
			);
			dependencies = (
				3F9679CA1DF1C0B4006D2820 /* PBXTargetDependency */,
			);
			name = ISPUITests;
			productName = ISPUITests;
			productReference = 3F9679C81DF1C0B4006D2820 /* ISPUITests.xctest */;
			productType = "com.apple.product-type.bundle.ui-testing";
		};
/* End PBXNativeTarget section */

/* Begin PBXProject section */
		3F96799B1DF1C0B3006D2820 /* Project object */ = {
			isa = PBXProject;
			attributes = {
				LastSwiftUpdateCheck = 0810;
				LastUpgradeCheck = 0810;
				ORGANIZATIONNAME = Student;
				TargetAttributes = {
					3F9679A21DF1C0B3006D2820 = {
						CreatedOnToolsVersion = 8.1;
						DevelopmentTeam = R5QCM7Q336;
						ProvisioningStyle = Automatic;
					};
					3F9679BC1DF1C0B4006D2820 = {
						CreatedOnToolsVersion = 8.1;
						DevelopmentTeam = R5QCM7Q336;
						ProvisioningStyle = Automatic;
						TestTargetID = 3F9679A21DF1C0B3006D2820;
					};
					3F9679C71DF1C0B4006D2820 = {
						CreatedOnToolsVersion = 8.1;
						DevelopmentTeam = R5QCM7Q336;
						ProvisioningStyle = Automatic;
						TestTargetID = 3F9679A21DF1C0B3006D2820;
					};
				};
			};
			buildConfigurationList = 3F96799E1DF1C0B3006D2820 /* Build configuration list for PBXProject "ISP" */;
			compatibilityVersion = "Xcode 3.2";
			developmentRegion = English;
			hasScannedForEncodings = 0;
			knownRegions = (
				en,
				Base,
			);
			mainGroup = 3F96799A1DF1C0B3006D2820;
			productRefGroup = 3F9679A41DF1C0B3006D2820 /* Products */;
			projectDirPath = "";
			projectRoot = "";
			targets = (
				3F9679A21DF1C0B3006D2820 /* ISP */,
				3F9679BC1DF1C0B4006D2820 /* ISPTests */,
				3F9679C71DF1C0B4006D2820 /* ISPUITests */,
			);
		};
/* End PBXProject section */

/* Begin PBXResourcesBuildPhase section */
		3F9679A11DF1C0B3006D2820 /* Resources */ = {
			isa = PBXResourcesBuildPhase;
			buildActionMask = 2147483647;
			files = (
				3F9679B21DF1C0B4006D2820 /* Main.storyboard in Resources */,
				3F9679A91DF1C0B3006D2820 /* GameScene.sks in Resources */,
				3F9679B41DF1C0B4006D2820 /* Assets.xcassets in Resources */,
				3F9679B71DF1C0B4006D2820 /* LaunchScreen.storyboard in Resources */,
				3F9679AB1DF1C0B4006D2820 /* Actions.sks in Resources */,
			);
			runOnlyForDeploymentPostprocessing = 0;
		};
		3F9679BB1DF1C0B4006D2820 /* Resources */ = {
			isa = PBXResourcesBuildPhase;
			buildActionMask = 2147483647;
			files = (
			);
			runOnlyForDeploymentPostprocessing = 0;
		};
		3F9679C61DF1C0B4006D2820 /* Resources */ = {
			isa = PBXResourcesBuildPhase;
			buildActionMask = 2147483647;
			files = (
			);
			runOnlyForDeploymentPostprocessing = 0;
		};
/* End PBXResourcesBuildPhase section */

/* Begin PBXSourcesBuildPhase section */
		3F96799F1DF1C0B3006D2820 /* Sources */ = {
			isa = PBXSourcesBuildPhase;
			buildActionMask = 2147483647;
			files = (
				3F9679AD1DF1C0B4006D2820 /* GameScene.swift in Sources */,
				3F9679AF1DF1C0B4006D2820 /* GameViewController.swift in Sources */,
				3F9679A71DF1C0B3006D2820 /* AppDelegate.swift in Sources */,
			);
			runOnlyForDeploymentPostprocessing = 0;
		};
		3F9679B91DF1C0B4006D2820 /* Sources */ = {
			isa = PBXSourcesBuildPhase;
			buildActionMask = 2147483647;
			files = (
				3F9679C21DF1C0B4006D2820 /* ISPTests.swift in Sources */,
			);
			runOnlyForDeploymentPostprocessing = 0;
		};
		3F9679C41DF1C0B4006D2820 /* Sources */ = {
			isa = PBXSourcesBuildPhase;
			buildActionMask = 2147483647;
			files = (
				3F9679CD1DF1C0B4006D2820 /* ISPUITests.swift in Sources */,
			);
			runOnlyForDeploymentPostprocessing = 0;
		};
/* End PBXSourcesBuildPhase section */

/* Begin PBXTargetDependency section */
		3F9679BF1DF1C0B4006D2820 /* PBXTargetDependency */ = {
			isa = PBXTargetDependency;
			target = 3F9679A21DF1C0B3006D2820 /* ISP */;
			targetProxy = 3F9679BE1DF1C0B4006D2820 /* PBXContainerItemProxy */;
		};
		3F9679CA1DF1C0B4006D2820 /* PBXTargetDependency */ = {
			isa = PBXTargetDependency;
			target = 3F9679A21DF1C0B3006D2820 /* ISP */;
			targetProxy = 3F9679C91DF1C0B4006D2820 /* PBXContainerItemProxy */;
		};
/* End PBXTargetDependency section */

/* Begin PBXVariantGroup section */
		3F9679B01DF1C0B4006D2820 /* Main.storyboard */ = {
			isa = PBXVariantGroup;
			children = (
				3F9679B11DF1C0B4006D2820 /* Base */,
			);
			name = Main.storyboard;
			sourceTree = "<group>";
		};
		3F9679B51DF1C0B4006D2820 /* LaunchScreen.storyboard */ = {
			isa = PBXVariantGroup;
			children = (
				3F9679B61DF1C0B4006D2820 /* Base */,
			);
			name = LaunchScreen.storyboard;
			sourceTree = "<group>";
		};
/* End PBXVariantGroup section */

/* Begin XCBuildConfiguration section */
		3F9679CF1DF1C0B4006D2820 /* Debug */ = {
			isa = XCBuildConfiguration;
			buildSettings = {
				ALWAYS_SEARCH_USER_PATHS = NO;
				CLANG_ANALYZER_NONNULL = YES;
				CLANG_CXX_LANGUAGE_STANDARD = "gnu++0x";
				CLANG_CXX_LIBRARY = "libc++";
				CLANG_ENABLE_MODULES = YES;
				CLANG_ENABLE_OBJC_ARC = YES;
				CLANG_WARN_BOOL_CONVERSION = YES;
				CLANG_WARN_CONSTANT_CONVERSION = YES;
				CLANG_WARN_DIRECT_OBJC_ISA_USAGE = YES_ERROR;
				CLANG_WARN_DOCUMENTATION_COMMENTS = YES;
				CLANG_WARN_EMPTY_BODY = YES;
				CLANG_WARN_ENUM_CONVERSION = YES;
				CLANG_WARN_INFINITE_RECURSION = YES;
				CLANG_WARN_INT_CONVERSION = YES;
				CLANG_WARN_OBJC_ROOT_CLASS = YES_ERROR;
				CLANG_WARN_SUSPICIOUS_MOVES = YES;
				CLANG_WARN_UNREACHABLE_CODE = YES;
				CLANG_WARN__DUPLICATE_METHOD_MATCH = YES;
				"CODE_SIGN_IDENTITY[sdk=iphoneos*]" = "iPhone Developer";
				COPY_PHASE_STRIP = NO;
				DEBUG_INFORMATION_FORMAT = dwarf;
				ENABLE_STRICT_OBJC_MSGSEND = YES;
				ENABLE_TESTABILITY = YES;
				GCC_C_LANGUAGE_STANDARD = gnu99;
				GCC_DYNAMIC_NO_PIC = NO;
				GCC_NO_COMMON_BLOCKS = YES;
				GCC_OPTIMIZATION_LEVEL = 0;
				GCC_PREPROCESSOR_DEFINITIONS = (
					"DEBUG=1",
					"$(inherited)",
				);
				GCC_WARN_64_TO_32_BIT_CONVERSION = YES;
				GCC_WARN_ABOUT_RETURN_TYPE = YES_ERROR;
				GCC_WARN_UNDECLARED_SELECTOR = YES;
				GCC_WARN_UNINITIALIZED_AUTOS = YES_AGGRESSIVE;
				GCC_WARN_UNUSED_FUNCTION = YES;
				GCC_WARN_UNUSED_VARIABLE = YES;
				IPHONEOS_DEPLOYMENT_TARGET = 10.1;
				MTL_ENABLE_DEBUG_INFO = YES;
				ONLY_ACTIVE_ARCH = YES;
				SDKROOT = iphoneos;
				SWIFT_ACTIVE_COMPILATION_CONDITIONS = DEBUG;
				SWIFT_OPTIMIZATION_LEVEL = "-Onone";
			};
			name = Debug;
		};
		3F9679D01DF1C0B4006D2820 /* Release */ = {
			isa = XCBuildConfiguration;
			buildSettings = {
				ALWAYS_SEARCH_USER_PATHS = NO;
				CLANG_ANALYZER_NONNULL = YES;
				CLANG_CXX_LANGUAGE_STANDARD = "gnu++0x";
				CLANG_CXX_LIBRARY = "libc++";
				CLANG_ENABLE_MODULES = YES;
				CLANG_ENABLE_OBJC_ARC = YES;
				CLANG_WARN_BOOL_CONVERSION = YES;
				CLANG_WARN_CONSTANT_CONVERSION = YES;
				CLANG_WARN_DIRECT_OBJC_ISA_USAGE = YES_ERROR;
				CLANG_WARN_DOCUMENTATION_COMMENTS = YES;
				CLANG_WARN_EMPTY_BODY = YES;
				CLANG_WARN_ENUM_CONVERSION = YES;
				CLANG_WARN_INFINITE_RECURSION = YES;
				CLANG_WARN_INT_CONVERSION = YES;
				CLANG_WARN_OBJC_ROOT_CLASS = YES_ERROR;
				CLANG_WARN_SUSPICIOUS_MOVES = YES;
				CLANG_WARN_UNREACHABLE_CODE = YES;
				CLANG_WARN__DUPLICATE_METHOD_MATCH = YES;
				"CODE_SIGN_IDENTITY[sdk=iphoneos*]" = "iPhone Developer";
				COPY_PHASE_STRIP = NO;
				DEBUG_INFORMATION_FORMAT = "dwarf-with-dsym";
				ENABLE_NS_ASSERTIONS = NO;
				ENABLE_STRICT_OBJC_MSGSEND = YES;
				GCC_C_LANGUAGE_STANDARD = gnu99;
				GCC_NO_COMMON_BLOCKS = YES;
				GCC_WARN_64_TO_32_BIT_CONVERSION = YES;
				GCC_WARN_ABOUT_RETURN_TYPE = YES_ERROR;
				GCC_WARN_UNDECLARED_SELECTOR = YES;
				GCC_WARN_UNINITIALIZED_AUTOS = YES_AGGRESSIVE;
				GCC_WARN_UNUSED_FUNCTION = YES;
				GCC_WARN_UNUSED_VARIABLE = YES;
				IPHONEOS_DEPLOYMENT_TARGET = 10.1;
				MTL_ENABLE_DEBUG_INFO = NO;
				SDKROOT = iphoneos;
				SWIFT_OPTIMIZATION_LEVEL = "-Owholemodule";
				VALIDATE_PRODUCT = YES;
			};
			name = Release;
		};
		3F9679D21DF1C0B4006D2820 /* Debug */ = {
			isa = XCBuildConfiguration;
			buildSettings = {
				ASSETCATALOG_COMPILER_APPICON_NAME = AppIcon;
				DEVELOPMENT_TEAM = R5QCM7Q336;
				INFOPLIST_FILE = ISP/Info.plist;
				LD_RUNPATH_SEARCH_PATHS = "$(inherited) @executable_path/Frameworks";
				PRODUCT_BUNDLE_IDENTIFIER = ca.on.rsgc.ISP;
				PRODUCT_NAME = "$(TARGET_NAME)";
				SWIFT_VERSION = 3.0;
			};
			name = Debug;
		};
		3F9679D31DF1C0B4006D2820 /* Release */ = {
			isa = XCBuildConfiguration;
			buildSettings = {
				ASSETCATALOG_COMPILER_APPICON_NAME = AppIcon;
				DEVELOPMENT_TEAM = R5QCM7Q336;
				INFOPLIST_FILE = ISP/Info.plist;
				LD_RUNPATH_SEARCH_PATHS = "$(inherited) @executable_path/Frameworks";
				PRODUCT_BUNDLE_IDENTIFIER = ca.on.rsgc.ISP;
				PRODUCT_NAME = "$(TARGET_NAME)";
				SWIFT_VERSION = 3.0;
			};
			name = Release;
		};
		3F9679D51DF1C0B4006D2820 /* Debug */ = {
			isa = XCBuildConfiguration;
			buildSettings = {
				ALWAYS_EMBED_SWIFT_STANDARD_LIBRARIES = YES;
				BUNDLE_LOADER = "$(TEST_HOST)";
				DEVELOPMENT_TEAM = R5QCM7Q336;
				INFOPLIST_FILE = ISPTests/Info.plist;
				LD_RUNPATH_SEARCH_PATHS = "$(inherited) @executable_path/Frameworks @loader_path/Frameworks";
				PRODUCT_BUNDLE_IDENTIFIER = ca.on.rsgc.ISPTests;
				PRODUCT_NAME = "$(TARGET_NAME)";
				SWIFT_VERSION = 3.0;
				TEST_HOST = "$(BUILT_PRODUCTS_DIR)/ISP.app/ISP";
			};
			name = Debug;
		};
		3F9679D61DF1C0B4006D2820 /* Release */ = {
			isa = XCBuildConfiguration;
			buildSettings = {
				ALWAYS_EMBED_SWIFT_STANDARD_LIBRARIES = YES;
				BUNDLE_LOADER = "$(TEST_HOST)";
				DEVELOPMENT_TEAM = R5QCM7Q336;
				INFOPLIST_FILE = ISPTests/Info.plist;
				LD_RUNPATH_SEARCH_PATHS = "$(inherited) @executable_path/Frameworks @loader_path/Frameworks";
				PRODUCT_BUNDLE_IDENTIFIER = ca.on.rsgc.ISPTests;
				PRODUCT_NAME = "$(TARGET_NAME)";
				SWIFT_VERSION = 3.0;
				TEST_HOST = "$(BUILT_PRODUCTS_DIR)/ISP.app/ISP";
			};
			name = Release;
		};
		3F9679D81DF1C0B4006D2820 /* Debug */ = {
			isa = XCBuildConfiguration;
			buildSettings = {
				ALWAYS_EMBED_SWIFT_STANDARD_LIBRARIES = YES;
				DEVELOPMENT_TEAM = R5QCM7Q336;
				INFOPLIST_FILE = ISPUITests/Info.plist;
				LD_RUNPATH_SEARCH_PATHS = "$(inherited) @executable_path/Frameworks @loader_path/Frameworks";
				PRODUCT_BUNDLE_IDENTIFIER = ca.on.rsgc.ISPUITests;
				PRODUCT_NAME = "$(TARGET_NAME)";
				SWIFT_VERSION = 3.0;
				TEST_TARGET_NAME = ISP;
			};
			name = Debug;
		};
		3F9679D91DF1C0B4006D2820 /* Release */ = {
			isa = XCBuildConfiguration;
			buildSettings = {
				ALWAYS_EMBED_SWIFT_STANDARD_LIBRARIES = YES;
				DEVELOPMENT_TEAM = R5QCM7Q336;
				INFOPLIST_FILE = ISPUITests/Info.plist;
				LD_RUNPATH_SEARCH_PATHS = "$(inherited) @executable_path/Frameworks @loader_path/Frameworks";
				PRODUCT_BUNDLE_IDENTIFIER = ca.on.rsgc.ISPUITests;
				PRODUCT_NAME = "$(TARGET_NAME)";
				SWIFT_VERSION = 3.0;
				TEST_TARGET_NAME = ISP;
			};
			name = Release;
		};
/* End XCBuildConfiguration section */

/* Begin XCConfigurationList section */
		3F96799E1DF1C0B3006D2820 /* Build configuration list for PBXProject "ISP" */ = {
			isa = XCConfigurationList;
			buildConfigurations = (
				3F9679CF1DF1C0B4006D2820 /* Debug */,
				3F9679D01DF1C0B4006D2820 /* Release */,
			);
			defaultConfigurationIsVisible = 0;
			defaultConfigurationName = Release;
		};
		3F9679D11DF1C0B4006D2820 /* Build configuration list for PBXNativeTarget "ISP" */ = {
			isa = XCConfigurationList;
			buildConfigurations = (
				3F9679D21DF1C0B4006D2820 /* Debug */,
				3F9679D31DF1C0B4006D2820 /* Release */,
			);
			defaultConfigurationIsVisible = 0;
		};
		3F9679D41DF1C0B4006D2820 /* Build configuration list for PBXNativeTarget "ISPTests" */ = {
			isa = XCConfigurationList;
			buildConfigurations = (
				3F9679D51DF1C0B4006D2820 /* Debug */,
				3F9679D61DF1C0B4006D2820 /* Release */,
			);
			defaultConfigurationIsVisible = 0;
		};
		3F9679D71DF1C0B4006D2820 /* Build configuration list for PBXNativeTarget "ISPUITests" */ = {
			isa = XCConfigurationList;
			buildConfigurations = (
				3F9679D81DF1C0B4006D2820 /* Debug */,
				3F9679D91DF1C0B4006D2820 /* Release */,
			);
			defaultConfigurationIsVisible = 0;
		};
/* End XCConfigurationList section */
	};
	rootObject = 3F96799B1DF1C0B3006D2820 /* Project object */;
}
